
Microsoft Visual Studio Solution File, Format Version 12.00
# Visual Studio Version 17
VisualStudioVersion = 17.12.35527.113
MinimumVisualStudioVersion = 10.0.40219.1
Project("{FAE04EC0-301F-11D3-BF4B-00C04F79EFBC}") = "CanvasCaptureUI", "CanvasCaptureUI\CanvasCaptureUI.csproj", "{9409CEFC-F5E2-46F2-9EB3-153E10F4FFF4}"
EndProject
Project("{FAE04EC0-301F-11D3-BF4B-00C04F79EFBC}") = "CanvasCapture", "CanvasCapture\CanvasCapture.csproj", "{F6EFED35-485B-40CE-82DD-EF3437E6C054}"
EndProject
Global
	GlobalSection(SolutionConfigurationPlatforms) = preSolution
		Debug|Any CPU = Debug|Any CPU
		Release|Any CPU = Release|Any CPU
	EndGlobalSection
	GlobalSection(ProjectConfigurationPlatforms) = postSolution
		{9409CEFC-F5E2-46F2-9EB3-153E10F4FFF4}.Debug|Any CPU.ActiveCfg = Debug|Any CPU
		{9409CEFC-F5E2-46F2-9EB3-153E10F4FFF4}.Debug|Any CPU.Build.0 = Debug|Any CPU
		{9409CEFC-F5E2-46F2-9EB3-153E10F4FFF4}.Release|Any CPU.ActiveCfg = Release|Any CPU
		{9409CEFC-F5E2-46F2-9EB3-153E10F4FFF4}.Release|Any CPU.Build.0 = Release|Any CPU
		{F6EFED35-485B-40CE-82DD-EF3437E6C054}.Debug|Any CPU.ActiveCfg = Debug|Any CPU
		{F6EFED35-485B-40CE-82DD-EF3437E6C054}.Debug|Any CPU.Build.0 = Debug|Any CPU
		{F6EFED35-485B-40CE-82DD-EF3437E6C054}.Release|Any CPU.ActiveCfg = Release|Any CPU
		{F6EFED35-485B-40CE-82DD-EF3437E6C054}.Release|Any CPU.Build.0 = Release|Any CPU
	EndGlobalSection
	GlobalSection(SolutionProperties) = preSolution
		HideSolutionNode = FALSE
	EndGlobalSection
EndGlobal
