
Microsoft Visual Studio Solution File, Format Version 12.00
# Visual Studio Version 17
VisualStudioVersion = 17.0.31903.59
MinimumVisualStudioVersion = 10.0.40219.1
Project("{FAE04EC0-301F-11D3-BF4B-00C04F79EFBC}") = "SketchpadServer", "SketchpadServer\SketchpadServer.csproj", "{35FD6E3A-7A92-4166-957C-8AE0B3EC5EA2}"
EndProject
Project("{FAE04EC0-301F-11D3-BF4B-00C04F79EFBC}") = "SketchpadServerTests", "Tests\SketchpadServerTests\SketchpadServerTests.csproj", "{C07B7638-8255-4F0D-B94A-7503D033DC82}"
EndProject
Global
	GlobalSection(SolutionConfigurationPlatforms) = preSolution
		Debug|Any CPU = Debug|Any CPU
		Release|Any CPU = Release|Any CPU
	EndGlobalSection
	GlobalSection(ProjectConfigurationPlatforms) = postSolution
		{35FD6E3A-7A92-4166-957C-8AE0B3EC5EA2}.Debug|Any CPU.ActiveCfg = Debug|Any CPU
		{35FD6E3A-7A92-4166-957C-8AE0B3EC5EA2}.Debug|Any CPU.Build.0 = Debug|Any CPU
		{35FD6E3A-7A92-4166-957C-8AE0B3EC5EA2}.Release|Any CPU.ActiveCfg = Release|Any CPU
		{35FD6E3A-7A92-4166-957C-8AE0B3EC5EA2}.Release|Any CPU.Build.0 = Release|Any CPU
		{C07B7638-8255-4F0D-B94A-7503D033DC82}.Debug|Any CPU.ActiveCfg = Debug|Any CPU
		{C07B7638-8255-4F0D-B94A-7503D033DC82}.Debug|Any CPU.Build.0 = Debug|Any CPU
		{C07B7638-8255-4F0D-B94A-7503D033DC82}.Release|Any CPU.ActiveCfg = Release|Any CPU
		{C07B7638-8255-4F0D-B94A-7503D033DC82}.Release|Any CPU.Build.0 = Release|Any CPU
	EndGlobalSection
	GlobalSection(SolutionProperties) = preSolution
		HideSolutionNode = FALSE
	EndGlobalSection
EndGlobal
